
Microsoft Visual Studio Solution File, Format Version 12.00
# Visual Studio 15
VisualStudioVersion = 15.0.28307.136
MinimumVisualStudioVersion = 10.0.40219.1
Project("{FAE04EC0-301F-11D3-BF4B-00C04F79EFBC}") = "Synergy18", "Synergy\Synergy18.csproj", "{8AFD5745-922C-4716-8FC8-B20C60DA208B}"
	ProjectSection(ProjectDependencies) = postProject
		{F1653F20-D47D-4F29-8C55-3C835542AF5F} = {F1653F20-D47D-4F29-8C55-3C835542AF5F}
	EndProjectSection
EndProject
Project("{FAE04EC0-301F-11D3-BF4B-00C04F79EFBC}") = "Community.CsharpSqlite4", "SQLite-csharp\Community.CsharpSqlite\Community.CsharpSqlite4.csproj", "{F1653F20-D47D-4F29-8C55-3C835542AF5F}"
EndProject
Project("{FAE04EC0-301F-11D3-BF4B-00C04F79EFBC}") = "Synergy19", "Synergy\Synergy19.csproj", "{BBDF2862-7894-4163-B455-EE5412E8ADEB}"
EndProject
Global
	GlobalSection(SolutionConfigurationPlatforms) = preSolution
		Debug|Any CPU = Debug|Any CPU
		Debug|Mixed Platforms = Debug|Mixed Platforms
		Debug|x64 = Debug|x64
		Debug|x86 = Debug|x86
		Light release|Any CPU = Light release|Any CPU
		Light release|Mixed Platforms = Light release|Mixed Platforms
		Light release|x64 = Light release|x64
		Light release|x86 = Light release|x86
		Release|Any CPU = Release|Any CPU
		Release|Mixed Platforms = Release|Mixed Platforms
		Release|x64 = Release|x64
		Release|x86 = Release|x86
		Release-OL|Any CPU = Release-OL|Any CPU
		Release-OL|Mixed Platforms = Release-OL|Mixed Platforms
		Release-OL|x64 = Release-OL|x64
		Release-OL|x86 = Release-OL|x86
	EndGlobalSection
	GlobalSection(ProjectConfigurationPlatforms) = postSolution
		{8AFD5745-922C-4716-8FC8-B20C60DA208B}.Debug|Any CPU.ActiveCfg = Debug|Any CPU
		{8AFD5745-922C-4716-8FC8-B20C60DA208B}.Debug|Mixed Platforms.ActiveCfg = Debug|Any CPU
		{8AFD5745-922C-4716-8FC8-B20C60DA208B}.Debug|Mixed Platforms.Build.0 = Debug|Any CPU
		{8AFD5745-922C-4716-8FC8-B20C60DA208B}.Debug|x64.ActiveCfg = Debug|Any CPU
		{8AFD5745-922C-4716-8FC8-B20C60DA208B}.Debug|x86.ActiveCfg = Debug|Any CPU
		{8AFD5745-922C-4716-8FC8-B20C60DA208B}.Light release|Any CPU.ActiveCfg = Release|Any CPU
		{8AFD5745-922C-4716-8FC8-B20C60DA208B}.Light release|Any CPU.Build.0 = Release|Any CPU
		{8AFD5745-922C-4716-8FC8-B20C60DA208B}.Light release|Mixed Platforms.ActiveCfg = Release|Any CPU
		{8AFD5745-922C-4716-8FC8-B20C60DA208B}.Light release|Mixed Platforms.Build.0 = Release|Any CPU
		{8AFD5745-922C-4716-8FC8-B20C60DA208B}.Light release|x64.ActiveCfg = Release|Any CPU
		{8AFD5745-922C-4716-8FC8-B20C60DA208B}.Light release|x86.ActiveCfg = Release|Any CPU
		{8AFD5745-922C-4716-8FC8-B20C60DA208B}.Release|Any CPU.ActiveCfg = Release|Any CPU
		{8AFD5745-922C-4716-8FC8-B20C60DA208B}.Release|Any CPU.Build.0 = Release|Any CPU
		{8AFD5745-922C-4716-8FC8-B20C60DA208B}.Release|Mixed Platforms.ActiveCfg = Release|Any CPU
		{8AFD5745-922C-4716-8FC8-B20C60DA208B}.Release|Mixed Platforms.Build.0 = Release|Any CPU
		{8AFD5745-922C-4716-8FC8-B20C60DA208B}.Release|x64.ActiveCfg = Release|Any CPU
		{8AFD5745-922C-4716-8FC8-B20C60DA208B}.Release|x86.ActiveCfg = Release|Any CPU
		{8AFD5745-922C-4716-8FC8-B20C60DA208B}.Release-OL|Any CPU.ActiveCfg = Release|Any CPU
		{8AFD5745-922C-4716-8FC8-B20C60DA208B}.Release-OL|Any CPU.Build.0 = Release|Any CPU
		{8AFD5745-922C-4716-8FC8-B20C60DA208B}.Release-OL|Mixed Platforms.ActiveCfg = Release|Any CPU
		{8AFD5745-922C-4716-8FC8-B20C60DA208B}.Release-OL|Mixed Platforms.Build.0 = Release|Any CPU
		{8AFD5745-922C-4716-8FC8-B20C60DA208B}.Release-OL|x64.ActiveCfg = Release|Any CPU
		{8AFD5745-922C-4716-8FC8-B20C60DA208B}.Release-OL|x86.ActiveCfg = Release|Any CPU
		{F1653F20-D47D-4F29-8C55-3C835542AF5F}.Debug|Any CPU.ActiveCfg = Debug|Any CPU
		{F1653F20-D47D-4F29-8C55-3C835542AF5F}.Debug|Any CPU.Build.0 = Debug|Any CPU
		{F1653F20-D47D-4F29-8C55-3C835542AF5F}.Debug|Mixed Platforms.ActiveCfg = Debug|Any CPU
		{F1653F20-D47D-4F29-8C55-3C835542AF5F}.Debug|Mixed Platforms.Build.0 = Debug|Any CPU
		{F1653F20-D47D-4F29-8C55-3C835542AF5F}.Debug|x64.ActiveCfg = Debug|x64
		{F1653F20-D47D-4F29-8C55-3C835542AF5F}.Debug|x64.Build.0 = Debug|x64
		{F1653F20-D47D-4F29-8C55-3C835542AF5F}.Debug|x86.ActiveCfg = Debug|x86
		{F1653F20-D47D-4F29-8C55-3C835542AF5F}.Debug|x86.Build.0 = Debug|x86
		{F1653F20-D47D-4F29-8C55-3C835542AF5F}.Light release|Any CPU.ActiveCfg = Light release|Any CPU
		{F1653F20-D47D-4F29-8C55-3C835542AF5F}.Light release|Any CPU.Build.0 = Light release|Any CPU
		{F1653F20-D47D-4F29-8C55-3C835542AF5F}.Light release|Mixed Platforms.ActiveCfg = Light release|x64
		{F1653F20-D47D-4F29-8C55-3C835542AF5F}.Light release|Mixed Platforms.Build.0 = Light release|x64
		{F1653F20-D47D-4F29-8C55-3C835542AF5F}.Light release|x64.ActiveCfg = Light release|x64
		{F1653F20-D47D-4F29-8C55-3C835542AF5F}.Light release|x64.Build.0 = Light release|x64
		{F1653F20-D47D-4F29-8C55-3C835542AF5F}.Light release|x86.ActiveCfg = Light release|x86
		{F1653F20-D47D-4F29-8C55-3C835542AF5F}.Light release|x86.Build.0 = Light release|x86
		{F1653F20-D47D-4F29-8C55-3C835542AF5F}.Release|Any CPU.ActiveCfg = Release|Any CPU
		{F1653F20-D47D-4F29-8C55-3C835542AF5F}.Release|Any CPU.Build.0 = Release|Any CPU
		{F1653F20-D47D-4F29-8C55-3C835542AF5F}.Release|Mixed Platforms.ActiveCfg = Release|x64
		{F1653F20-D47D-4F29-8C55-3C835542AF5F}.Release|Mixed Platforms.Build.0 = Release|x64
		{F1653F20-D47D-4F29-8C55-3C835542AF5F}.Release|x64.ActiveCfg = Release|x64
		{F1653F20-D47D-4F29-8C55-3C835542AF5F}.Release|x64.Build.0 = Release|x64
		{F1653F20-D47D-4F29-8C55-3C835542AF5F}.Release|x86.ActiveCfg = Release|x86
		{F1653F20-D47D-4F29-8C55-3C835542AF5F}.Release|x86.Build.0 = Release|x86
		{F1653F20-D47D-4F29-8C55-3C835542AF5F}.Release-OL|Any CPU.ActiveCfg = Release-OL|Any CPU
		{F1653F20-D47D-4F29-8C55-3C835542AF5F}.Release-OL|Any CPU.Build.0 = Release-OL|Any CPU
		{F1653F20-D47D-4F29-8C55-3C835542AF5F}.Release-OL|Mixed Platforms.ActiveCfg = Release-OL|x64
		{F1653F20-D47D-4F29-8C55-3C835542AF5F}.Release-OL|Mixed Platforms.Build.0 = Release-OL|x64
		{F1653F20-D47D-4F29-8C55-3C835542AF5F}.Release-OL|x64.ActiveCfg = Release-OL|x64
		{F1653F20-D47D-4F29-8C55-3C835542AF5F}.Release-OL|x64.Build.0 = Release-OL|x64
		{F1653F20-D47D-4F29-8C55-3C835542AF5F}.Release-OL|x86.ActiveCfg = Release-OL|x86
		{F1653F20-D47D-4F29-8C55-3C835542AF5F}.Release-OL|x86.Build.0 = Release-OL|x86
		{BBDF2862-7894-4163-B455-EE5412E8ADEB}.Debug|Any CPU.ActiveCfg = Debug|Any CPU
		{BBDF2862-7894-4163-B455-EE5412E8ADEB}.Debug|Any CPU.Build.0 = Debug|Any CPU
		{BBDF2862-7894-4163-B455-EE5412E8ADEB}.Debug|Mixed Platforms.ActiveCfg = Debug|Any CPU
		{BBDF2862-7894-4163-B455-EE5412E8ADEB}.Debug|Mixed Platforms.Build.0 = Debug|Any CPU
		{BBDF2862-7894-4163-B455-EE5412E8ADEB}.Debug|x64.ActiveCfg = Debug|Any CPU
		{BBDF2862-7894-4163-B455-EE5412E8ADEB}.Debug|x64.Build.0 = Debug|Any CPU
		{BBDF2862-7894-4163-B455-EE5412E8ADEB}.Debug|x86.ActiveCfg = Debug|Any CPU
		{BBDF2862-7894-4163-B455-EE5412E8ADEB}.Debug|x86.Build.0 = Debug|Any CPU
		{BBDF2862-7894-4163-B455-EE5412E8ADEB}.Light release|Any CPU.ActiveCfg = Release|Any CPU
		{BBDF2862-7894-4163-B455-EE5412E8ADEB}.Light release|Any CPU.Build.0 = Release|Any CPU
		{BBDF2862-7894-4163-B455-EE5412E8ADEB}.Light release|Mixed Platforms.ActiveCfg = Release|Any CPU
		{BBDF2862-7894-4163-B455-EE5412E8ADEB}.Light release|Mixed Platforms.Build.0 = Release|Any CPU
		{BBDF2862-7894-4163-B455-EE5412E8ADEB}.Light release|x64.ActiveCfg = Release|Any CPU
		{BBDF2862-7894-4163-B455-EE5412E8ADEB}.Light release|x64.Build.0 = Release|Any CPU
		{BBDF2862-7894-4163-B455-EE5412E8ADEB}.Light release|x86.ActiveCfg = Release|Any CPU
		{BBDF2862-7894-4163-B455-EE5412E8ADEB}.Light release|x86.Build.0 = Release|Any CPU
		{BBDF2862-7894-4163-B455-EE5412E8ADEB}.Release|Any CPU.ActiveCfg = Release|Any CPU
		{BBDF2862-7894-4163-B455-EE5412E8ADEB}.Release|Any CPU.Build.0 = Release|Any CPU
		{BBDF2862-7894-4163-B455-EE5412E8ADEB}.Release|Mixed Platforms.ActiveCfg = Release|Any CPU
		{BBDF2862-7894-4163-B455-EE5412E8ADEB}.Release|Mixed Platforms.Build.0 = Release|Any CPU
		{BBDF2862-7894-4163-B455-EE5412E8ADEB}.Release|x64.ActiveCfg = Release|Any CPU
		{BBDF2862-7894-4163-B455-EE5412E8ADEB}.Release|x64.Build.0 = Release|Any CPU
		{BBDF2862-7894-4163-B455-EE5412E8ADEB}.Release|x86.ActiveCfg = Release|Any CPU
		{BBDF2862-7894-4163-B455-EE5412E8ADEB}.Release|x86.Build.0 = Release|Any CPU
		{BBDF2862-7894-4163-B455-EE5412E8ADEB}.Release-OL|Any CPU.ActiveCfg = Release|Any CPU
		{BBDF2862-7894-4163-B455-EE5412E8ADEB}.Release-OL|Any CPU.Build.0 = Release|Any CPU
		{BBDF2862-7894-4163-B455-EE5412E8ADEB}.Release-OL|Mixed Platforms.ActiveCfg = Release|Any CPU
		{BBDF2862-7894-4163-B455-EE5412E8ADEB}.Release-OL|Mixed Platforms.Build.0 = Release|Any CPU
		{BBDF2862-7894-4163-B455-EE5412E8ADEB}.Release-OL|x64.ActiveCfg = Release|Any CPU
		{BBDF2862-7894-4163-B455-EE5412E8ADEB}.Release-OL|x64.Build.0 = Release|Any CPU
		{BBDF2862-7894-4163-B455-EE5412E8ADEB}.Release-OL|x86.ActiveCfg = Release|Any CPU
		{BBDF2862-7894-4163-B455-EE5412E8ADEB}.Release-OL|x86.Build.0 = Release|Any CPU
	EndGlobalSection
	GlobalSection(SolutionProperties) = preSolution
		HideSolutionNode = FALSE
	EndGlobalSection
	GlobalSection(ExtensibilityGlobals) = postSolution
		SolutionGuid = {7B081B52-F6EC-4394-80D1-11FD19D1BB61}
	EndGlobalSection
EndGlobal
